// !$*UTF8*$!
{
	archiveVersion = 1;
	classes = {
	};
	objectVersion = 46;
	objects = {

/* Begin PBXBuildFile section */
		84FE14231F7A8185001FFE23 /* AppDelegate.swift in Sources */ = {isa = PBXBuildFile; fileRef = 84FE14221F7A8185001FFE23 /* AppDelegate.swift */; };
		84FE14251F7A8185001FFE23 /* ViewController.swift in Sources */ = {isa = PBXBuildFile; fileRef = 84FE14241F7A8185001FFE23 /* ViewController.swift */; };
		84FE14281F7A8185001FFE23 /* Main.storyboard in Resources */ = {isa = PBXBuildFile; fileRef = 84FE14261F7A8185001FFE23 /* Main.storyboard */; };
		84FE142A1F7A8185001FFE23 /* Assets.xcassets in Resources */ = {isa = PBXBuildFile; fileRef = 84FE14291F7A8185001FFE23 /* Assets.xcassets */; };
		84FE142D1F7A8185001FFE23 /* LaunchScreen.storyboard in Resources */ = {isa = PBXBuildFile; fileRef = 84FE142B1F7A8185001FFE23 /* LaunchScreen.storyboard */; };
		84FE14361F7A81AF001FFE23 /* CoreLocation.framework in Frameworks */ = {isa = PBXBuildFile; fileRef = 84FE14351F7A81AF001FFE23 /* CoreLocation.framework */; };
/* End PBXBuildFile section */

/* Begin PBXFileReference section */
		84FE141F1F7A8185001FFE23 /* showPlaceOnMap.app */ = {isa = PBXFileReference; explicitFileType = wrapper.application; includeInIndex = 0; path = showPlaceOnMap.app; sourceTree = BUILT_PRODUCTS_DIR; };
		84FE14221F7A8185001FFE23 /* AppDelegate.swift */ = {isa = PBXFileReference; lastKnownFileType = sourcecode.swift; path = AppDelegate.swift; sourceTree = "<group>"; };
		84FE14241F7A8185001FFE23 /* ViewController.swift */ = {isa = PBXFileReference; lastKnownFileType = sourcecode.swift; path = ViewController.swift; sourceTree = "<group>"; };
		84FE14271F7A8185001FFE23 /* Base */ = {isa = PBXFileReference; lastKnownFileType = file.storyboard; name = Base; path = Base.lproj/Main.storyboard; sourceTree = "<group>"; };
		84FE14291F7A8185001FFE23 /* Assets.xcassets */ = {isa = PBXFileReference; lastKnownFileType = folder.assetcatalog; path = Assets.xcassets; sourceTree = "<group>"; };
		84FE142C1F7A8185001FFE23 /* Base */ = {isa = PBXFileReference; lastKnownFileType = file.storyboard; name = Base; path = Base.lproj/LaunchScreen.storyboard; sourceTree = "<group>"; };
		84FE142E1F7A8185001FFE23 /* Info.plist */ = {isa = PBXFileReference; lastKnownFileType = text.plist.xml; path = Info.plist; sourceTree = "<group>"; };
		84FE14351F7A81AF001FFE23 /* CoreLocation.framework */ = {isa = PBXFileReference; lastKnownFileType = wrapper.framework; name = CoreLocation.framework; path = System/Library/Frameworks/CoreLocation.framework; sourceTree = SDKROOT; };
/* End PBXFileReference section */

/* Begin PBXFrameworksBuildPhase section */
		84FE141C1F7A8185001FFE23 /* Frameworks */ = {
			isa = PBXFrameworksBuildPhase;
			buildActionMask = 2147483647;
			files = (
				84FE14361F7A81AF001FFE23 /* CoreLocation.framework in Frameworks */,
			);
			runOnlyForDeploymentPostprocessing = 0;
		};
/* End PBXFrameworksBuildPhase section */

/* Begin PBXGroup section */
		84FE14161F7A8185001FFE23 = {
			isa = PBXGroup;
			children = (
				84FE14211F7A8185001FFE23 /* showPlaceOnMap */,
				84FE14201F7A8185001FFE23 /* Products */,
				84FE14341F7A81AF001FFE23 /* Frameworks */,
			);
			sourceTree = "<group>";
		};
		84FE14201F7A8185001FFE23 /* Products */ = {
			isa = PBXGroup;
			children = (
				84FE141F1F7A8185001FFE23 /* showPlaceOnMap.app */,
			);
			name = Products;
			sourceTree = "<group>";
		};
		84FE14211F7A8185001FFE23 /* showPlaceOnMap */ = {
			isa = PBXGroup;
			children = (
				84FE14221F7A8185001FFE23 /* AppDelegate.swift */,
				84FE14241F7A8185001FFE23 /* ViewController.swift */,
				84FE14261F7A8185001FFE23 /* Main.storyboard */,
				84FE14291F7A8185001FFE23 /* Assets.xcassets */,
				84FE142B1F7A8185001FFE23 /* LaunchScreen.storyboard */,
				84FE142E1F7A8185001FFE23 /* Info.plist */,
			);
			path = showPlaceOnMap;
			sourceTree = "<group>";
		};
		84FE14341F7A81AF001FFE23 /* Frameworks */ = {
			isa = PBXGroup;
			children = (
				84FE14351F7A81AF001FFE23 /* CoreLocation.framework */,
			);
			name = Frameworks;
			sourceTree = "<group>";
		};
/* End PBXGroup section */

/* Begin PBXNativeTarget section */
		84FE141E1F7A8185001FFE23 /* showPlaceOnMap */ = {
			isa = PBXNativeTarget;
			buildConfigurationList = 84FE14311F7A8185001FFE23 /* Build configuration list for PBXNativeTarget "showPlaceOnMap" */;
			buildPhases = (
				84FE141B1F7A8185001FFE23 /* Sources */,
				84FE141C1F7A8185001FFE23 /* Frameworks */,
				84FE141D1F7A8185001FFE23 /* Resources */,
			);
			buildRules = (
			);
			dependencies = (
			);
			name = showPlaceOnMap;
			productName = showPlaceOnMap;
			productReference = 84FE141F1F7A8185001FFE23 /* showPlaceOnMap.app */;
			productType = "com.apple.product-type.application";
		};
/* End PBXNativeTarget section */

/* Begin PBXProject section */
		84FE14171F7A8185001FFE23 /* Project object */ = {
			isa = PBXProject;
			attributes = {
				LastSwiftUpdateCheck = 0830;
				LastUpgradeCheck = 0830;
				ORGANIZATIONNAME = Admin;
				TargetAttributes = {
					84FE141E1F7A8185001FFE23 = {
						CreatedOnToolsVersion = 8.3.3;
						ProvisioningStyle = Automatic;
					};
				};
			};
			buildConfigurationList = 84FE141A1F7A8185001FFE23 /* Build configuration list for PBXProject "showPlaceOnMap" */;
			compatibilityVersion = "Xcode 3.2";
			developmentRegion = English;
			hasScannedForEncodings = 0;
			knownRegions = (
				en,
				Base,
			);
			mainGroup = 84FE14161F7A8185001FFE23;
			productRefGroup = 84FE14201F7A8185001FFE23 /* Products */;
			projectDirPath = "";
			projectRoot = "";
			targets = (
				84FE141E1F7A8185001FFE23 /* showPlaceOnMap */,
			);
		};
/* End PBXProject section */

/* Begin PBXResourcesBuildPhase section */
		84FE141D1F7A8185001FFE23 /* Resources */ = {
			isa = PBXResourcesBuildPhase;
			buildActionMask = 2147483647;
			files = (
				84FE142D1F7A8185001FFE23 /* LaunchScreen.storyboard in Resources */,
				84FE142A1F7A8185001FFE23 /* Assets.xcassets in Resources */,
				84FE14281F7A8185001FFE23 /* Main.storyboard in Resources */,
			);
			runOnlyForDeploymentPostprocessing = 0;
		};
/* End PBXResourcesBuildPhase section */

/* Begin PBXSourcesBuildPhase section */
		84FE141B1F7A8185001FFE23 /* Sources */ = {
			isa = PBXSourcesBuildPhase;
			buildActionMask = 2147483647;
			files = (
				84FE14251F7A8185001FFE23 /* ViewController.swift in Sources */,
				84FE14231F7A8185001FFE23 /* AppDelegate.swift in Sources */,
			);
			runOnlyForDeploymentPostprocessing = 0;
		};
/* End PBXSourcesBuildPhase section */

/* Begin PBXVariantGroup section */
		84FE14261F7A8185001FFE23 /* Main.storyboard */ = {
			isa = PBXVariantGroup;
			children = (
				84FE14271F7A8185001FFE23 /* Base */,
			);
			name = Main.storyboard;
			sourceTree = "<group>";
		};
		84FE142B1F7A8185001FFE23 /* LaunchScreen.storyboard */ = {
			isa = PBXVariantGroup;
			children = (
				84FE142C1F7A8185001FFE23 /* Base */,
			);
			name = LaunchScreen.storyboard;
			sourceTree = "<group>";
		};
/* End PBXVariantGroup section */

/* Begin XCBuildConfiguration section */
		84FE142F1F7A8185001FFE23 /* Debug */ = {
			isa = XCBuildConfiguration;
			buildSettings = {
				ALWAYS_SEARCH_USER_PATHS = NO;
				CLANG_ANALYZER_NONNULL = YES;
				CLANG_ANALYZER_NUMBER_OBJECT_CONVERSION = YES_AGGRESSIVE;
				CLANG_CXX_LANGUAGE_STANDARD = "gnu++0x";
				CLANG_CXX_LIBRARY = "libc++";
				CLANG_ENABLE_MODULES = YES;
				CLANG_ENABLE_OBJC_ARC = YES;
				CLANG_WARN_BOOL_CONVERSION = YES;
				CLANG_WARN_CONSTANT_CONVERSION = YES;
				CLANG_WARN_DIRECT_OBJC_ISA_USAGE = YES_ERROR;
				CLANG_WARN_DOCUMENTATION_COMMENTS = YES;
				CLANG_WARN_EMPTY_BODY = YES;
				CLANG_WARN_ENUM_CONVERSION = YES;
				CLANG_WARN_INFINITE_RECURSION = YES;
				CLANG_WARN_INT_CONVERSION = YES;
				CLANG_WARN_OBJC_ROOT_CLASS = YES_ERROR;
				CLANG_WARN_SUSPICIOUS_MOVE = YES;
				CLANG_WARN_UNREACHABLE_CODE = YES;
				CLANG_WARN__DUPLICATE_METHOD_MATCH = YES;
				"CODE_SIGN_IDENTITY[sdk=iphoneos*]" = "iPhone Developer";
				COPY_PHASE_STRIP = NO;
				DEBUG_INFORMATION_FORMAT = dwarf;
				ENABLE_STRICT_OBJC_MSGSEND = YES;
				ENABLE_TESTABILITY = YES;
				GCC_C_LANGUAGE_STANDARD = gnu99;
				GCC_DYNAMIC_NO_PIC = NO;
				GCC_NO_COMMON_BLOCKS = YES;
				GCC_OPTIMIZATION_LEVEL = 0;
				GCC_PREPROCESSOR_DEFINITIONS = (
					"DEBUG=1",
					"$(inherited)",
				);
				GCC_WARN_64_TO_32_BIT_CONVERSION = YES;
				GCC_WARN_ABOUT_RETURN_TYPE = YES_ERROR;
				GCC_WARN_UNDECLARED_SELECTOR = YES;
				GCC_WARN_UNINITIALIZED_AUTOS = YES_AGGRESSIVE;
				GCC_WARN_UNUSED_FUNCTION = YES;
				GCC_WARN_UNUSED_VARIABLE = YES;
				IPHONEOS_DEPLOYMENT_TARGET = 10.3;
				MTL_ENABLE_DEBUG_INFO = YES;
				ONLY_ACTIVE_ARCH = YES;
				SDKROOT = iphoneos;
				SWIFT_ACTIVE_COMPILATION_CONDITIONS = DEBUG;
				SWIFT_OPTIMIZATION_LEVEL = "-Onone";
			};
			name = Debug;
		};
		84FE14301F7A8185001FFE23 /* Release */ = {
			isa = XCBuildConfiguration;
			buildSettings = {
				ALWAYS_SEARCH_USER_PATHS = NO;
				CLANG_ANALYZER_NONNULL = YES;
				CLANG_ANALYZER_NUMBER_OBJECT_CONVERSION = YES_AGGRESSIVE;
				CLANG_CXX_LANGUAGE_STANDARD = "gnu++0x";
				CLANG_CXX_LIBRARY = "libc++";
				CLANG_ENABLE_MODULES = YES;
				CLANG_ENABLE_OBJC_ARC = YES;
				CLANG_WARN_BOOL_CONVERSION = YES;
				CLANG_WARN_CONSTANT_CONVERSION = YES;
				CLANG_WARN_DIRECT_OBJC_ISA_USAGE = YES_ERROR;
				CLANG_WARN_DOCUMENTATION_COMMENTS = YES;
				CLANG_WARN_EMPTY_BODY = YES;
				CLANG_WARN_ENUM_CONVERSION = YES;
				CLANG_WARN_INFINITE_RECURSION = YES;
				CLANG_WARN_INT_CONVERSION = YES;
				CLANG_WARN_OBJC_ROOT_CLASS = YES_ERROR;
				CLANG_WARN_SUSPICIOUS_MOVE = YES;
				CLANG_WARN_UNREACHABLE_CODE = YES;
				CLANG_WARN__DUPLICATE_METHOD_MATCH = YES;
				"CODE_SIGN_IDENTITY[sdk=iphoneos*]" = "iPhone Developer";
				COPY_PHASE_STRIP = NO;
				DEBUG_INFORMATION_FORMAT = "dwarf-with-dsym";
				ENABLE_NS_ASSERTIONS = NO;
				ENABLE_STRICT_OBJC_MSGSEND = YES;
				GCC_C_LANGUAGE_STANDARD = gnu99;
				GCC_NO_COMMON_BLOCKS = YES;
				GCC_WARN_64_TO_32_BIT_CONVERSION = YES;
				GCC_WARN_ABOUT_RETURN_TYPE = YES_ERROR;
				GCC_WARN_UNDECLARED_SELECTOR = YES;
				GCC_WARN_UNINITIALIZED_AUTOS = YES_AGGRESSIVE;
				GCC_WARN_UNUSED_FUNCTION = YES;
				GCC_WARN_UNUSED_VARIABLE = YES;
				IPHONEOS_DEPLOYMENT_TARGET = 10.3;
				MTL_ENABLE_DEBUG_INFO = NO;
				SDKROOT = iphoneos;
				SWIFT_OPTIMIZATION_LEVEL = "-Owholemodule";
				VALIDATE_PRODUCT = YES;
			};
			name = Release;
		};
		84FE14321F7A8185001FFE23 /* Debug */ = {
			isa = XCBuildConfiguration;
			buildSettings = {
				ASSETCATALOG_COMPILER_APPICON_NAME = AppIcon;
				INFOPLIST_FILE = showPlaceOnMap/Info.plist;
				LD_RUNPATH_SEARCH_PATHS = "$(inherited) @executable_path/Frameworks";
				PRODUCT_BUNDLE_IDENTIFIER = BallsCorporation.showPlaceOnMap;
				PRODUCT_NAME = "$(TARGET_NAME)";
				SWIFT_VERSION = 3.0;
			};
			name = Debug;
		};
		84FE14331F7A8185001FFE23 /* Release */ = {
			isa = XCBuildConfiguration;
			buildSettings = {
				ASSETCATALOG_COMPILER_APPICON_NAME = AppIcon;
				INFOPLIST_FILE = showPlaceOnMap/Info.plist;
				LD_RUNPATH_SEARCH_PATHS = "$(inherited) @executable_path/Frameworks";
				PRODUCT_BUNDLE_IDENTIFIER = BallsCorporation.showPlaceOnMap;
				PRODUCT_NAME = "$(TARGET_NAME)";
				SWIFT_VERSION = 3.0;
			};
			name = Release;
		};
/* End XCBuildConfiguration section */

/* Begin XCConfigurationList section */
		84FE141A1F7A8185001FFE23 /* Build configuration list for PBXProject "showPlaceOnMap" */ = {
			isa = XCConfigurationList;
			buildConfigurations = (
				84FE142F1F7A8185001FFE23 /* Debug */,
				84FE14301F7A8185001FFE23 /* Release */,
			);
			defaultConfigurationIsVisible = 0;
			defaultConfigurationName = Release;
		};
		84FE14311F7A8185001FFE23 /* Build configuration list for PBXNativeTarget "showPlaceOnMap" */ = {
			isa = XCConfigurationList;
			buildConfigurations = (
				84FE14321F7A8185001FFE23 /* Debug */,
				84FE14331F7A8185001FFE23 /* Release */,
			);
			defaultConfigurationIsVisible = 0;
		};
/* End XCConfigurationList section */
	};
	rootObject = 84FE14171F7A8185001FFE23 /* Project object */;
}
